// !$*UTF8*$!
{
	archiveVersion = 1;
	classes = {
	};
	objectVersion = 50;
	objects = {

/* Begin PBXBuildFile section */
		D27DAED823D4B05A0032B18D /* XCTestCaseInMemory.swift in Sources */ = {isa = PBXBuildFile; fileRef = D27DAED723D4B05A0032B18D /* XCTestCaseInMemory.swift */; };
		D27DAED923D4B0BA0032B18D /* CoreData_ContactList.xcdatamodeld in Sources */ = {isa = PBXBuildFile; fileRef = D2B63ECF23D4A52B004AA5A4 /* CoreData_ContactList.xcdatamodeld */; };
		D2B63EC723D4A52B004AA5A4 /* AppDelegate.swift in Sources */ = {isa = PBXBuildFile; fileRef = D2B63EC623D4A52B004AA5A4 /* AppDelegate.swift */; };
		D2B63EC923D4A52B004AA5A4 /* SceneDelegate.swift in Sources */ = {isa = PBXBuildFile; fileRef = D2B63EC823D4A52B004AA5A4 /* SceneDelegate.swift */; };
		D2B63ECB23D4A52B004AA5A4 /* ViewController.swift in Sources */ = {isa = PBXBuildFile; fileRef = D2B63ECA23D4A52B004AA5A4 /* ViewController.swift */; };
		D2B63ECE23D4A52B004AA5A4 /* Main.storyboard in Resources */ = {isa = PBXBuildFile; fileRef = D2B63ECC23D4A52B004AA5A4 /* Main.storyboard */; };
		D2B63ED123D4A52B004AA5A4 /* CoreData_ContactList.xcdatamodeld in Sources */ = {isa = PBXBuildFile; fileRef = D2B63ECF23D4A52B004AA5A4 /* CoreData_ContactList.xcdatamodeld */; };
		D2B63ED323D4A530004AA5A4 /* Assets.xcassets in Resources */ = {isa = PBXBuildFile; fileRef = D2B63ED223D4A530004AA5A4 /* Assets.xcassets */; };
		D2B63ED623D4A530004AA5A4 /* LaunchScreen.storyboard in Resources */ = {isa = PBXBuildFile; fileRef = D2B63ED423D4A530004AA5A4 /* LaunchScreen.storyboard */; };
		D2B63EE123D4A530004AA5A4 /* CoreDataContactTests.swift in Sources */ = {isa = PBXBuildFile; fileRef = D2B63EE023D4A530004AA5A4 /* CoreDataContactTests.swift */; };
		D2B63EED23D4A5F8004AA5A4 /* StorageManager.swift in Sources */ = {isa = PBXBuildFile; fileRef = D2B63EEC23D4A5F8004AA5A4 /* StorageManager.swift */; };
		D2B63EEF23D4A841004AA5A4 /* ContactStorageManager.swift in Sources */ = {isa = PBXBuildFile; fileRef = D2B63EEE23D4A841004AA5A4 /* ContactStorageManager.swift */; };
/* End PBXBuildFile section */

/* Begin PBXContainerItemProxy section */
		D2B63EDD23D4A530004AA5A4 /* PBXContainerItemProxy */ = {
			isa = PBXContainerItemProxy;
			containerPortal = D2B63EBB23D4A52B004AA5A4 /* Project object */;
			proxyType = 1;
			remoteGlobalIDString = D2B63EC223D4A52B004AA5A4;
			remoteInfo = "CoreData-ContactList";
		};
/* End PBXContainerItemProxy section */

/* Begin PBXFileReference section */
		D27DAED723D4B05A0032B18D /* XCTestCaseInMemory.swift */ = {isa = PBXFileReference; lastKnownFileType = sourcecode.swift; path = XCTestCaseInMemory.swift; sourceTree = "<group>"; };
		D2B63EC323D4A52B004AA5A4 /* CoreData-ContactList.app */ = {isa = PBXFileReference; explicitFileType = wrapper.application; includeInIndex = 0; path = "CoreData-ContactList.app"; sourceTree = BUILT_PRODUCTS_DIR; };
		D2B63EC623D4A52B004AA5A4 /* AppDelegate.swift */ = {isa = PBXFileReference; lastKnownFileType = sourcecode.swift; path = AppDelegate.swift; sourceTree = "<group>"; };
		D2B63EC823D4A52B004AA5A4 /* SceneDelegate.swift */ = {isa = PBXFileReference; lastKnownFileType = sourcecode.swift; path = SceneDelegate.swift; sourceTree = "<group>"; };
		D2B63ECA23D4A52B004AA5A4 /* ViewController.swift */ = {isa = PBXFileReference; lastKnownFileType = sourcecode.swift; path = ViewController.swift; sourceTree = "<group>"; };
		D2B63ECD23D4A52B004AA5A4 /* Base */ = {isa = PBXFileReference; lastKnownFileType = file.storyboard; name = Base; path = Base.lproj/Main.storyboard; sourceTree = "<group>"; };
		D2B63ED023D4A52B004AA5A4 /* CoreData_ContactList.xcdatamodel */ = {isa = PBXFileReference; lastKnownFileType = wrapper.xcdatamodel; path = CoreData_ContactList.xcdatamodel; sourceTree = "<group>"; };
		D2B63ED223D4A530004AA5A4 /* Assets.xcassets */ = {isa = PBXFileReference; lastKnownFileType = folder.assetcatalog; path = Assets.xcassets; sourceTree = "<group>"; };
		D2B63ED523D4A530004AA5A4 /* Base */ = {isa = PBXFileReference; lastKnownFileType = file.storyboard; name = Base; path = Base.lproj/LaunchScreen.storyboard; sourceTree = "<group>"; };
		D2B63ED723D4A530004AA5A4 /* Info.plist */ = {isa = PBXFileReference; lastKnownFileType = text.plist.xml; path = Info.plist; sourceTree = "<group>"; };
		D2B63EDC23D4A530004AA5A4 /* CoreData-ContactListTests.xctest */ = {isa = PBXFileReference; explicitFileType = wrapper.cfbundle; includeInIndex = 0; path = "CoreData-ContactListTests.xctest"; sourceTree = BUILT_PRODUCTS_DIR; };
		D2B63EE023D4A530004AA5A4 /* CoreDataContactTests.swift */ = {isa = PBXFileReference; lastKnownFileType = sourcecode.swift; path = CoreDataContactTests.swift; sourceTree = "<group>"; };
		D2B63EE223D4A530004AA5A4 /* Info.plist */ = {isa = PBXFileReference; lastKnownFileType = text.plist.xml; path = Info.plist; sourceTree = "<group>"; };
		D2B63EEC23D4A5F8004AA5A4 /* StorageManager.swift */ = {isa = PBXFileReference; lastKnownFileType = sourcecode.swift; path = StorageManager.swift; sourceTree = "<group>"; };
		D2B63EEE23D4A841004AA5A4 /* ContactStorageManager.swift */ = {isa = PBXFileReference; lastKnownFileType = sourcecode.swift; path = ContactStorageManager.swift; sourceTree = "<group>"; };
/* End PBXFileReference section */

/* Begin PBXFrameworksBuildPhase section */
		D2B63EC023D4A52B004AA5A4 /* Frameworks */ = {
			isa = PBXFrameworksBuildPhase;
			buildActionMask = 2147483647;
			files = (
			);
			runOnlyForDeploymentPostprocessing = 0;
		};
		D2B63ED923D4A530004AA5A4 /* Frameworks */ = {
			isa = PBXFrameworksBuildPhase;
			buildActionMask = 2147483647;
			files = (
			);
			runOnlyForDeploymentPostprocessing = 0;
		};
/* End PBXFrameworksBuildPhase section */

/* Begin PBXGroup section */
		D2B63EBA23D4A52B004AA5A4 = {
			isa = PBXGroup;
			children = (
				D2B63EC523D4A52B004AA5A4 /* CoreData-ContactList */,
				D2B63EDF23D4A530004AA5A4 /* CoreData-ContactListTests */,
				D2B63EC423D4A52B004AA5A4 /* Products */,
			);
			sourceTree = "<group>";
		};
		D2B63EC423D4A52B004AA5A4 /* Products */ = {
			isa = PBXGroup;
			children = (
				D2B63EC323D4A52B004AA5A4 /* CoreData-ContactList.app */,
				D2B63EDC23D4A530004AA5A4 /* CoreData-ContactListTests.xctest */,
			);
			name = Products;
			sourceTree = "<group>";
		};
		D2B63EC523D4A52B004AA5A4 /* CoreData-ContactList */ = {
			isa = PBXGroup;
			children = (
				D2B63EF423D4AA77004AA5A4 /* Model */,
				D2B63EEB23D4A5D9004AA5A4 /* CoreData */,
				D2B63EC623D4A52B004AA5A4 /* AppDelegate.swift */,
				D2B63EC823D4A52B004AA5A4 /* SceneDelegate.swift */,
				D2B63ECA23D4A52B004AA5A4 /* ViewController.swift */,
				D2B63ECC23D4A52B004AA5A4 /* Main.storyboard */,
				D2B63ED223D4A530004AA5A4 /* Assets.xcassets */,
				D2B63ED423D4A530004AA5A4 /* LaunchScreen.storyboard */,
				D2B63ED723D4A530004AA5A4 /* Info.plist */,
				D2B63ECF23D4A52B004AA5A4 /* CoreData_ContactList.xcdatamodeld */,
			);
			path = "CoreData-ContactList";
			sourceTree = "<group>";
		};
		D2B63EDF23D4A530004AA5A4 /* CoreData-ContactListTests */ = {
			isa = PBXGroup;
			children = (
				D2B63EE023D4A530004AA5A4 /* CoreDataContactTests.swift */,
				D2B63EE223D4A530004AA5A4 /* Info.plist */,
				D27DAED723D4B05A0032B18D /* XCTestCaseInMemory.swift */,
			);
			path = "CoreData-ContactListTests";
			sourceTree = "<group>";
		};
		D2B63EEB23D4A5D9004AA5A4 /* CoreData */ = {
			isa = PBXGroup;
			children = (
				D2B63EEC23D4A5F8004AA5A4 /* StorageManager.swift */,
				D2B63EEE23D4A841004AA5A4 /* ContactStorageManager.swift */,
			);
			path = CoreData;
			sourceTree = "<group>";
		};
		D2B63EF423D4AA77004AA5A4 /* Model */ = {
			isa = PBXGroup;
			children = (
			);
			path = Model;
			sourceTree = "<group>";
		};
/* End PBXGroup section */

/* Begin PBXNativeTarget section */
		D2B63EC223D4A52B004AA5A4 /* CoreData-ContactList */ = {
			isa = PBXNativeTarget;
			buildConfigurationList = D2B63EE523D4A530004AA5A4 /* Build configuration list for PBXNativeTarget "CoreData-ContactList" */;
			buildPhases = (
				D2B63EBF23D4A52B004AA5A4 /* Sources */,
				D2B63EC023D4A52B004AA5A4 /* Frameworks */,
				D2B63EC123D4A52B004AA5A4 /* Resources */,
			);
			buildRules = (
			);
			dependencies = (
			);
			name = "CoreData-ContactList";
			productName = "CoreData-ContactList";
			productReference = D2B63EC323D4A52B004AA5A4 /* CoreData-ContactList.app */;
			productType = "com.apple.product-type.application";
		};
		D2B63EDB23D4A530004AA5A4 /* CoreData-ContactListTests */ = {
			isa = PBXNativeTarget;
			buildConfigurationList = D2B63EE823D4A530004AA5A4 /* Build configuration list for PBXNativeTarget "CoreData-ContactListTests" */;
			buildPhases = (
				D2B63ED823D4A530004AA5A4 /* Sources */,
				D2B63ED923D4A530004AA5A4 /* Frameworks */,
				D2B63EDA23D4A530004AA5A4 /* Resources */,
			);
			buildRules = (
			);
			dependencies = (
				D2B63EDE23D4A530004AA5A4 /* PBXTargetDependency */,
			);
			name = "CoreData-ContactListTests";
			productName = "CoreData-ContactListTests";
			productReference = D2B63EDC23D4A530004AA5A4 /* CoreData-ContactListTests.xctest */;
			productType = "com.apple.product-type.bundle.unit-test";
		};
/* End PBXNativeTarget section */

/* Begin PBXProject section */
		D2B63EBB23D4A52B004AA5A4 /* Project object */ = {
			isa = PBXProject;
			attributes = {
				LastSwiftUpdateCheck = 1110;
				LastUpgradeCheck = 1110;
				ORGANIZATIONNAME = "Vincent Grossier";
				TargetAttributes = {
					D2B63EC223D4A52B004AA5A4 = {
						CreatedOnToolsVersion = 11.1;
					};
					D2B63EDB23D4A530004AA5A4 = {
						CreatedOnToolsVersion = 11.1;
						TestTargetID = D2B63EC223D4A52B004AA5A4;
					};
				};
			};
			buildConfigurationList = D2B63EBE23D4A52B004AA5A4 /* Build configuration list for PBXProject "CoreData-ContactList" */;
			compatibilityVersion = "Xcode 9.3";
			developmentRegion = en;
			hasScannedForEncodings = 0;
			knownRegions = (
				en,
				Base,
			);
			mainGroup = D2B63EBA23D4A52B004AA5A4;
			productRefGroup = D2B63EC423D4A52B004AA5A4 /* Products */;
			projectDirPath = "";
			projectRoot = "";
			targets = (
				D2B63EC223D4A52B004AA5A4 /* CoreData-ContactList */,
				D2B63EDB23D4A530004AA5A4 /* CoreData-ContactListTests */,
			);
		};
/* End PBXProject section */

/* Begin PBXResourcesBuildPhase section */
		D2B63EC123D4A52B004AA5A4 /* Resources */ = {
			isa = PBXResourcesBuildPhase;
			buildActionMask = 2147483647;
			files = (
				D2B63ED623D4A530004AA5A4 /* LaunchScreen.storyboard in Resources */,
				D2B63ED323D4A530004AA5A4 /* Assets.xcassets in Resources */,
				D2B63ECE23D4A52B004AA5A4 /* Main.storyboard in Resources */,
			);
			runOnlyForDeploymentPostprocessing = 0;
		};
		D2B63EDA23D4A530004AA5A4 /* Resources */ = {
			isa = PBXResourcesBuildPhase;
			buildActionMask = 2147483647;
			files = (
			);
			runOnlyForDeploymentPostprocessing = 0;
		};
/* End PBXResourcesBuildPhase section */

/* Begin PBXSourcesBuildPhase section */
		D2B63EBF23D4A52B004AA5A4 /* Sources */ = {
			isa = PBXSourcesBuildPhase;
			buildActionMask = 2147483647;
			files = (
				D2B63EEF23D4A841004AA5A4 /* ContactStorageManager.swift in Sources */,
				D2B63ECB23D4A52B004AA5A4 /* ViewController.swift in Sources */,
				D2B63EED23D4A5F8004AA5A4 /* StorageManager.swift in Sources */,
				D2B63ED123D4A52B004AA5A4 /* CoreData_ContactList.xcdatamodeld in Sources */,
				D2B63EC723D4A52B004AA5A4 /* AppDelegate.swift in Sources */,
				D2B63EC923D4A52B004AA5A4 /* SceneDelegate.swift in Sources */,
			);
			runOnlyForDeploymentPostprocessing = 0;
		};
		D2B63ED823D4A530004AA5A4 /* Sources */ = {
			isa = PBXSourcesBuildPhase;
			buildActionMask = 2147483647;
			files = (
				D2B63EE123D4A530004AA5A4 /* CoreDataContactTests.swift in Sources */,
				D27DAED823D4B05A0032B18D /* XCTestCaseInMemory.swift in Sources */,
				D27DAED923D4B0BA0032B18D /* CoreData_ContactList.xcdatamodeld in Sources */,
			);
			runOnlyForDeploymentPostprocessing = 0;
		};
/* End PBXSourcesBuildPhase section */

/* Begin PBXTargetDependency section */
		D2B63EDE23D4A530004AA5A4 /* PBXTargetDependency */ = {
			isa = PBXTargetDependency;
			target = D2B63EC223D4A52B004AA5A4 /* CoreData-ContactList */;
			targetProxy = D2B63EDD23D4A530004AA5A4 /* PBXContainerItemProxy */;
		};
/* End PBXTargetDependency section */

/* Begin PBXVariantGroup section */
		D2B63ECC23D4A52B004AA5A4 /* Main.storyboard */ = {
			isa = PBXVariantGroup;
			children = (
				D2B63ECD23D4A52B004AA5A4 /* Base */,
			);
			name = Main.storyboard;
			sourceTree = "<group>";
		};
		D2B63ED423D4A530004AA5A4 /* LaunchScreen.storyboard */ = {
			isa = PBXVariantGroup;
			children = (
				D2B63ED523D4A530004AA5A4 /* Base */,
			);
			name = LaunchScreen.storyboard;
			sourceTree = "<group>";
		};
/* End PBXVariantGroup section */

/* Begin XCBuildConfiguration section */
		D2B63EE323D4A530004AA5A4 /* Debug */ = {
			isa = XCBuildConfiguration;
			buildSettings = {
				ALWAYS_SEARCH_USER_PATHS = NO;
				CLANG_ANALYZER_NONNULL = YES;
				CLANG_ANALYZER_NUMBER_OBJECT_CONVERSION = YES_AGGRESSIVE;
				CLANG_CXX_LANGUAGE_STANDARD = "gnu++14";
				CLANG_CXX_LIBRARY = "libc++";
				CLANG_ENABLE_MODULES = YES;
				CLANG_ENABLE_OBJC_ARC = YES;
				CLANG_ENABLE_OBJC_WEAK = YES;
				CLANG_WARN_BLOCK_CAPTURE_AUTORELEASING = YES;
				CLANG_WARN_BOOL_CONVERSION = YES;
				CLANG_WARN_COMMA = YES;
				CLANG_WARN_CONSTANT_CONVERSION = YES;
				CLANG_WARN_DEPRECATED_OBJC_IMPLEMENTATIONS = YES;
				CLANG_WARN_DIRECT_OBJC_ISA_USAGE = YES_ERROR;
				CLANG_WARN_DOCUMENTATION_COMMENTS = YES;
				CLANG_WARN_EMPTY_BODY = YES;
				CLANG_WARN_ENUM_CONVERSION = YES;
				CLANG_WARN_INFINITE_RECURSION = YES;
				CLANG_WARN_INT_CONVERSION = YES;
				CLANG_WARN_NON_LITERAL_NULL_CONVERSION = YES;
				CLANG_WARN_OBJC_IMPLICIT_RETAIN_SELF = YES;
				CLANG_WARN_OBJC_LITERAL_CONVERSION = YES;
				CLANG_WARN_OBJC_ROOT_CLASS = YES_ERROR;
				CLANG_WARN_RANGE_LOOP_ANALYSIS = YES;
				CLANG_WARN_STRICT_PROTOTYPES = YES;
				CLANG_WARN_SUSPICIOUS_MOVE = YES;
				CLANG_WARN_UNGUARDED_AVAILABILITY = YES_AGGRESSIVE;
				CLANG_WARN_UNREACHABLE_CODE = YES;
				CLANG_WARN__DUPLICATE_METHOD_MATCH = YES;
				COPY_PHASE_STRIP = NO;
				DEBUG_INFORMATION_FORMAT = dwarf;
				ENABLE_STRICT_OBJC_MSGSEND = YES;
				ENABLE_TESTABILITY = YES;
				GCC_C_LANGUAGE_STANDARD = gnu11;
				GCC_DYNAMIC_NO_PIC = NO;
				GCC_NO_COMMON_BLOCKS = YES;
				GCC_OPTIMIZATION_LEVEL = 0;
				GCC_PREPROCESSOR_DEFINITIONS = (
					"DEBUG=1",
					"$(inherited)",
				);
				GCC_WARN_64_TO_32_BIT_CONVERSION = YES;
				GCC_WARN_ABOUT_RETURN_TYPE = YES_ERROR;
				GCC_WARN_UNDECLARED_SELECTOR = YES;
				GCC_WARN_UNINITIALIZED_AUTOS = YES_AGGRESSIVE;
				GCC_WARN_UNUSED_FUNCTION = YES;
				GCC_WARN_UNUSED_VARIABLE = YES;
				IPHONEOS_DEPLOYMENT_TARGET = 13.1;
				MTL_ENABLE_DEBUG_INFO = INCLUDE_SOURCE;
				MTL_FAST_MATH = YES;
				ONLY_ACTIVE_ARCH = YES;
				SDKROOT = iphoneos;
				SWIFT_ACTIVE_COMPILATION_CONDITIONS = DEBUG;
				SWIFT_OPTIMIZATION_LEVEL = "-Onone";
			};
			name = Debug;
		};
		D2B63EE423D4A530004AA5A4 /* Release */ = {
			isa = XCBuildConfiguration;
			buildSettings = {
				ALWAYS_SEARCH_USER_PATHS = NO;
				CLANG_ANALYZER_NONNULL = YES;
				CLANG_ANALYZER_NUMBER_OBJECT_CONVERSION = YES_AGGRESSIVE;
				CLANG_CXX_LANGUAGE_STANDARD = "gnu++14";
				CLANG_CXX_LIBRARY = "libc++";
				CLANG_ENABLE_MODULES = YES;
				CLANG_ENABLE_OBJC_ARC = YES;
				CLANG_ENABLE_OBJC_WEAK = YES;
				CLANG_WARN_BLOCK_CAPTURE_AUTORELEASING = YES;
				CLANG_WARN_BOOL_CONVERSION = YES;
				CLANG_WARN_COMMA = YES;
				CLANG_WARN_CONSTANT_CONVERSION = YES;
				CLANG_WARN_DEPRECATED_OBJC_IMPLEMENTATIONS = YES;
				CLANG_WARN_DIRECT_OBJC_ISA_USAGE = YES_ERROR;
				CLANG_WARN_DOCUMENTATION_COMMENTS = YES;
				CLANG_WARN_EMPTY_BODY = YES;
				CLANG_WARN_ENUM_CONVERSION = YES;
				CLANG_WARN_INFINITE_RECURSION = YES;
				CLANG_WARN_INT_CONVERSION = YES;
				CLANG_WARN_NON_LITERAL_NULL_CONVERSION = YES;
				CLANG_WARN_OBJC_IMPLICIT_RETAIN_SELF = YES;
				CLANG_WARN_OBJC_LITERAL_CONVERSION = YES;
				CLANG_WARN_OBJC_ROOT_CLASS = YES_ERROR;
				CLANG_WARN_RANGE_LOOP_ANALYSIS = YES;
				CLANG_WARN_STRICT_PROTOTYPES = YES;
				CLANG_WARN_SUSPICIOUS_MOVE = YES;
				CLANG_WARN_UNGUARDED_AVAILABILITY = YES_AGGRESSIVE;
				CLANG_WARN_UNREACHABLE_CODE = YES;
				CLANG_WARN__DUPLICATE_METHOD_MATCH = YES;
				COPY_PHASE_STRIP = NO;
				DEBUG_INFORMATION_FORMAT = "dwarf-with-dsym";
				ENABLE_NS_ASSERTIONS = NO;
				ENABLE_STRICT_OBJC_MSGSEND = YES;
				GCC_C_LANGUAGE_STANDARD = gnu11;
				GCC_NO_COMMON_BLOCKS = YES;
				GCC_WARN_64_TO_32_BIT_CONVERSION = YES;
				GCC_WARN_ABOUT_RETURN_TYPE = YES_ERROR;
				GCC_WARN_UNDECLARED_SELECTOR = YES;
				GCC_WARN_UNINITIALIZED_AUTOS = YES_AGGRESSIVE;
				GCC_WARN_UNUSED_FUNCTION = YES;
				GCC_WARN_UNUSED_VARIABLE = YES;
				IPHONEOS_DEPLOYMENT_TARGET = 13.1;
				MTL_ENABLE_DEBUG_INFO = NO;
				MTL_FAST_MATH = YES;
				SDKROOT = iphoneos;
				SWIFT_COMPILATION_MODE = wholemodule;
				SWIFT_OPTIMIZATION_LEVEL = "-O";
				VALIDATE_PRODUCT = YES;
			};
			name = Release;
		};
		D2B63EE623D4A530004AA5A4 /* Debug */ = {
			isa = XCBuildConfiguration;
			buildSettings = {
				ASSETCATALOG_COMPILER_APPICON_NAME = AppIcon;
				CODE_SIGN_STYLE = Automatic;
				DEVELOPMENT_TEAM = 6G68R287BD;
				INFOPLIST_FILE = "CoreData-ContactList/Info.plist";
				LD_RUNPATH_SEARCH_PATHS = (
					"$(inherited)",
					"@executable_path/Frameworks",
				);
				PRODUCT_BUNDLE_IDENTIFIER = "fr.kodappy.CoreData-ContactList";
				PRODUCT_NAME = "$(TARGET_NAME)";
				SWIFT_VERSION = 5.0;
				TARGETED_DEVICE_FAMILY = 1;
			};
			name = Debug;
		};
		D2B63EE723D4A530004AA5A4 /* Release */ = {
			isa = XCBuildConfiguration;
			buildSettings = {
				ASSETCATALOG_COMPILER_APPICON_NAME = AppIcon;
				CODE_SIGN_STYLE = Automatic;
				DEVELOPMENT_TEAM = 6G68R287BD;
				INFOPLIST_FILE = "CoreData-ContactList/Info.plist";
				LD_RUNPATH_SEARCH_PATHS = (
					"$(inherited)",
					"@executable_path/Frameworks",
				);
				PRODUCT_BUNDLE_IDENTIFIER = "fr.kodappy.CoreData-ContactList";
				PRODUCT_NAME = "$(TARGET_NAME)";
				SWIFT_VERSION = 5.0;
				TARGETED_DEVICE_FAMILY = 1;
			};
			name = Release;
		};
		D2B63EE923D4A530004AA5A4 /* Debug */ = {
			isa = XCBuildConfiguration;
			buildSettings = {
				ALWAYS_EMBED_SWIFT_STANDARD_LIBRARIES = YES;
				BUNDLE_LOADER = "$(TEST_HOST)";
				CODE_SIGN_STYLE = Automatic;
				DEVELOPMENT_TEAM = 6G68R287BD;
				INFOPLIST_FILE = "CoreData-ContactListTests/Info.plist";
				IPHONEOS_DEPLOYMENT_TARGET = 13.1;
				LD_RUNPATH_SEARCH_PATHS = (
					"$(inherited)",
					"@executable_path/Frameworks",
					"@loader_path/Frameworks",
				);
				PRODUCT_BUNDLE_IDENTIFIER = "fr.kodappy.CoreData-ContactListTests";
				PRODUCT_NAME = "$(TARGET_NAME)";
				SWIFT_VERSION = 5.0;
				TARGETED_DEVICE_FAMILY = "1,2";
				TEST_HOST = "$(BUILT_PRODUCTS_DIR)/CoreData-ContactList.app/CoreData-ContactList";
			};
			name = Debug;
		};
		D2B63EEA23D4A530004AA5A4 /* Release */ = {
			isa = XCBuildConfiguration;
			buildSettings = {
				ALWAYS_EMBED_SWIFT_STANDARD_LIBRARIES = YES;
				BUNDLE_LOADER = "$(TEST_HOST)";
				CODE_SIGN_STYLE = Automatic;
				DEVELOPMENT_TEAM = 6G68R287BD;
				INFOPLIST_FILE = "CoreData-ContactListTests/Info.plist";
				IPHONEOS_DEPLOYMENT_TARGET = 13.1;
				LD_RUNPATH_SEARCH_PATHS = (
					"$(inherited)",
					"@executable_path/Frameworks",
					"@loader_path/Frameworks",
				);
				PRODUCT_BUNDLE_IDENTIFIER = "fr.kodappy.CoreData-ContactListTests";
				PRODUCT_NAME = "$(TARGET_NAME)";
				SWIFT_VERSION = 5.0;
				TARGETED_DEVICE_FAMILY = "1,2";
				TEST_HOST = "$(BUILT_PRODUCTS_DIR)/CoreData-ContactList.app/CoreData-ContactList";
			};
			name = Release;
		};
/* End XCBuildConfiguration section */

/* Begin XCConfigurationList section */
		D2B63EBE23D4A52B004AA5A4 /* Build configuration list for PBXProject "CoreData-ContactList" */ = {
			isa = XCConfigurationList;
			buildConfigurations = (
				D2B63EE323D4A530004AA5A4 /* Debug */,
				D2B63EE423D4A530004AA5A4 /* Release */,
			);
			defaultConfigurationIsVisible = 0;
			defaultConfigurationName = Release;
		};
		D2B63EE523D4A530004AA5A4 /* Build configuration list for PBXNativeTarget "CoreData-ContactList" */ = {
			isa = XCConfigurationList;
			buildConfigurations = (
				D2B63EE623D4A530004AA5A4 /* Debug */,
				D2B63EE723D4A530004AA5A4 /* Release */,
			);
			defaultConfigurationIsVisible = 0;
			defaultConfigurationName = Release;
		};
		D2B63EE823D4A530004AA5A4 /* Build configuration list for PBXNativeTarget "CoreData-ContactListTests" */ = {
			isa = XCConfigurationList;
			buildConfigurations = (
				D2B63EE923D4A530004AA5A4 /* Debug */,
				D2B63EEA23D4A530004AA5A4 /* Release */,
			);
			defaultConfigurationIsVisible = 0;
			defaultConfigurationName = Release;
		};
/* End XCConfigurationList section */

/* Begin XCVersionGroup section */
		D2B63ECF23D4A52B004AA5A4 /* CoreData_ContactList.xcdatamodeld */ = {
			isa = XCVersionGroup;
			children = (
				D2B63ED023D4A52B004AA5A4 /* CoreData_ContactList.xcdatamodel */,
			);
			currentVersion = D2B63ED023D4A52B004AA5A4 /* CoreData_ContactList.xcdatamodel */;
			path = CoreData_ContactList.xcdatamodeld;
			sourceTree = "<group>";
			versionGroupType = wrapper.xcdatamodel;
		};
/* End XCVersionGroup section */
	};
	rootObject = D2B63EBB23D4A52B004AA5A4 /* Project object */;
}
